
Microsoft Visual Studio Solution File, Format Version 12.00
# Visual Studio 15
VisualStudioVersion = 15.0.28010.2048
MinimumVisualStudioVersion = 10.0.40219.1
Project("{9A19103F-16F7-4668-BE54-9A1E7A4F7556}") = "osuLegacyBeatmapConverter", "osuLegacyBeatmapConverter.csproj", "{AE3E2A70-4320-4072-A37D-77CE48B3DEEC}"
	ProjectSection(ProjectDependencies) = postProject
		{86102487-8F0F-408B-9589-169D268F73B3} = {86102487-8F0F-408B-9589-169D268F73B3}
		{4F33ACA8-A643-4D28-9BC9-F1FE85CA2FB5} = {4F33ACA8-A643-4D28-9BC9-F1FE85CA2FB5}
		{BB1CF0ED-BE05-42BD-A4E0-A982CA36997C} = {BB1CF0ED-BE05-42BD-A4E0-A982CA36997C}
	EndProjectSection
EndProject
Project("{9A19103F-16F7-4668-BE54-9A1E7A4F7556}") = "osu.Game", "..\osu\osu.Game\osu.Game.csproj", "{86102487-8F0F-408B-9589-169D268F73B3}"
EndProject
Project("{9A19103F-16F7-4668-BE54-9A1E7A4F7556}") = "osu.Game.Rulesets.Mania", "..\osu\osu.Game.Rulesets.Mania\osu.Game.Rulesets.Mania.csproj", "{4F33ACA8-A643-4D28-9BC9-F1FE85CA2FB5}"
EndProject
Project("{9A19103F-16F7-4668-BE54-9A1E7A4F7556}") = "osu.Game.Resources", "..\osu\osu-resources\osu.Game.Resources\osu.Game.Resources.csproj", "{BB1CF0ED-BE05-42BD-A4E0-A982CA36997C}"
EndProject
Project("{9A19103F-16F7-4668-BE54-9A1E7A4F7556}") = "osu.Game.Rulesets.Osu", "..\osu\osu.Game.Rulesets.Osu\osu.Game.Rulesets.Osu.csproj", "{47E759A0-9B16-425A-80C7-8693CC9354DE}"
EndProject
Global
	GlobalSection(SolutionConfigurationPlatforms) = preSolution
		Debug|Any CPU = Debug|Any CPU
		Release|Any CPU = Release|Any CPU
	EndGlobalSection
	GlobalSection(ProjectConfigurationPlatforms) = postSolution
		{AE3E2A70-4320-4072-A37D-77CE48B3DEEC}.Debug|Any CPU.ActiveCfg = Debug|Any CPU
		{AE3E2A70-4320-4072-A37D-77CE48B3DEEC}.Debug|Any CPU.Build.0 = Debug|Any CPU
		{AE3E2A70-4320-4072-A37D-77CE48B3DEEC}.Release|Any CPU.ActiveCfg = Release|Any CPU
		{AE3E2A70-4320-4072-A37D-77CE48B3DEEC}.Release|Any CPU.Build.0 = Release|Any CPU
		{86102487-8F0F-408B-9589-169D268F73B3}.Debug|Any CPU.ActiveCfg = Debug|Any CPU
		{86102487-8F0F-408B-9589-169D268F73B3}.Debug|Any CPU.Build.0 = Debug|Any CPU
		{86102487-8F0F-408B-9589-169D268F73B3}.Release|Any CPU.ActiveCfg = Release|Any CPU
		{86102487-8F0F-408B-9589-169D268F73B3}.Release|Any CPU.Build.0 = Release|Any CPU
		{4F33ACA8-A643-4D28-9BC9-F1FE85CA2FB5}.Debug|Any CPU.ActiveCfg = Debug|Any CPU
		{4F33ACA8-A643-4D28-9BC9-F1FE85CA2FB5}.Debug|Any CPU.Build.0 = Debug|Any CPU
		{4F33ACA8-A643-4D28-9BC9-F1FE85CA2FB5}.Release|Any CPU.ActiveCfg = Release|Any CPU
		{4F33ACA8-A643-4D28-9BC9-F1FE85CA2FB5}.Release|Any CPU.Build.0 = Release|Any CPU
		{BB1CF0ED-BE05-42BD-A4E0-A982CA36997C}.Debug|Any CPU.ActiveCfg = Debug|Any CPU
		{BB1CF0ED-BE05-42BD-A4E0-A982CA36997C}.Debug|Any CPU.Build.0 = Debug|Any CPU
		{BB1CF0ED-BE05-42BD-A4E0-A982CA36997C}.Release|Any CPU.ActiveCfg = Release|Any CPU
		{BB1CF0ED-BE05-42BD-A4E0-A982CA36997C}.Release|Any CPU.Build.0 = Release|Any CPU
		{47E759A0-9B16-425A-80C7-8693CC9354DE}.Debug|Any CPU.ActiveCfg = Debug|Any CPU
		{47E759A0-9B16-425A-80C7-8693CC9354DE}.Debug|Any CPU.Build.0 = Debug|Any CPU
		{47E759A0-9B16-425A-80C7-8693CC9354DE}.Release|Any CPU.ActiveCfg = Release|Any CPU
		{47E759A0-9B16-425A-80C7-8693CC9354DE}.Release|Any CPU.Build.0 = Release|Any CPU
	EndGlobalSection
	GlobalSection(SolutionProperties) = preSolution
		HideSolutionNode = FALSE
	EndGlobalSection
	GlobalSection(ExtensibilityGlobals) = postSolution
		SolutionGuid = {DAA4997B-53E6-4315-848E-DC034A3A8BC6}
	EndGlobalSection
EndGlobal
